
Microsoft Visual Studio Solution File, Format Version 12.00
# Visual Studio Version 17
VisualStudioVersion = 17.9.34902.65
MinimumVisualStudioVersion = 10.0.40219.1
Project("{9A19103F-16F7-4668-BE54-9A1E7A4F7556}") = "method_csharp", "method_csharp\method_csharp.csproj", "{B80B6A6F-1672-4F26-876C-38C3101C72F2}"
EndProject
Project("{FAE04EC0-301F-11D3-BF4B-00C04F79EFBC}") = "method_csharp.Tests", "method_csharp.Tests\method_csharp.Tests.csproj", "{02FDBCB0-88BE-4134-A1BD-6A2DFF75BFC3}"
EndProject
Global
	GlobalSection(SolutionConfigurationPlatforms) = preSolution
		Debug|Any CPU = Debug|Any CPU
		Release|Any CPU = Release|Any CPU
	EndGlobalSection
	GlobalSection(ProjectConfigurationPlatforms) = postSolution
		{B80B6A6F-1672-4F26-876C-38C3101C72F2}.Debug|Any CPU.ActiveCfg = Debug|Any CPU
		{B80B6A6F-1672-4F26-876C-38C3101C72F2}.Debug|Any CPU.Build.0 = Debug|Any CPU
		{B80B6A6F-1672-4F26-876C-38C3101C72F2}.Release|Any CPU.ActiveCfg = Release|Any CPU
		{B80B6A6F-1672-4F26-876C-38C3101C72F2}.Release|Any CPU.Build.0 = Release|Any CPU
		{02FDBCB0-88BE-4134-A1BD-6A2DFF75BFC3}.Debug|Any CPU.ActiveCfg = Debug|Any CPU
		{02FDBCB0-88BE-4134-A1BD-6A2DFF75BFC3}.Debug|Any CPU.Build.0 = Debug|Any CPU
		{02FDBCB0-88BE-4134-A1BD-6A2DFF75BFC3}.Release|Any CPU.ActiveCfg = Release|Any CPU
		{02FDBCB0-88BE-4134-A1BD-6A2DFF75BFC3}.Release|Any CPU.Build.0 = Release|Any CPU
	EndGlobalSection
	GlobalSection(SolutionProperties) = preSolution
		HideSolutionNode = FALSE
	EndGlobalSection
	GlobalSection(ExtensibilityGlobals) = postSolution
		SolutionGuid = {888C40E4-B479-4A5B-95D3-DEFBCE30CCA3}
	EndGlobalSection
EndGlobal
